
Microsoft Visual Studio Solution File, Format Version 12.00
# Visual Studio 15
VisualStudioVersion = 15.0.27703.2042
MinimumVisualStudioVersion = 10.0.40219.1
Project("{FAE04EC0-301F-11D3-BF4B-00C04F79EFBC}") = "InfluxDBDome", "InfluxDBDome\InfluxDBDome.csproj", "{D739A833-7892-4961-B002-EEE6E0F5F48E}"
EndProject
Global
	GlobalSection(SolutionConfigurationPlatforms) = preSolution
		Debug|Any CPU = Debug|Any CPU
		Release|Any CPU = Release|Any CPU
	EndGlobalSection
	GlobalSection(ProjectConfigurationPlatforms) = postSolution
		{D739A833-7892-4961-B002-EEE6E0F5F48E}.Debug|Any CPU.ActiveCfg = Debug|Any CPU
		{D739A833-7892-4961-B002-EEE6E0F5F48E}.Debug|Any CPU.Build.0 = Debug|Any CPU
		{D739A833-7892-4961-B002-EEE6E0F5F48E}.Release|Any CPU.ActiveCfg = Release|Any CPU
		{D739A833-7892-4961-B002-EEE6E0F5F48E}.Release|Any CPU.Build.0 = Release|Any CPU
	EndGlobalSection
	GlobalSection(SolutionProperties) = preSolution
		HideSolutionNode = FALSE
	EndGlobalSection
	GlobalSection(ExtensibilityGlobals) = postSolution
		SolutionGuid = {38348E1D-A533-47EE-A665-C3E26E97ABA9}
	EndGlobalSection
EndGlobal
